
Microsoft Visual Studio Solution File, Format Version 12.00
# Visual Studio Version 17
VisualStudioVersion = 17.12.35527.113 d17.12
MinimumVisualStudioVersion = 10.0.40219.1
Project("{8BC9CEB8-8B4A-11D0-8D11-00A0C91BC942}") = "KeyBright_DSP", "KeyBright_DSP.vcxproj", "{BA405D2F-A6F3-4764-A2E1-7292E3F2EFC7}"
EndProject
Project("{8BC9CEB8-8B4A-11D0-8D11-00A0C91BC942}") = "KeyBright_DSP_Pitch", "..\KeyBright_DSP_Pitch\KeyBright_DSP_Pitch.vcxproj", "{E5C2ED62-9C4D-4EA0-A940-05BC49859FB2}"
EndProject
Project("{8BC9CEB8-8B4A-11D0-8D11-00A0C91BC942}") = "KeyBright_DSP_Color", "..\KeyBright_DSP_Color\KeyBright_DSP_Color.vcxproj", "{39205EEC-C119-4036-ABB0-D849825CAC82}"
EndProject
Global
	GlobalSection(SolutionConfigurationPlatforms) = preSolution
		Debug|x64 = Debug|x64
		Debug|x86 = Debug|x86
		Release|x64 = Release|x64
		Release|x86 = Release|x86
	EndGlobalSection
	GlobalSection(ProjectConfigurationPlatforms) = postSolution
		{BA405D2F-A6F3-4764-A2E1-7292E3F2EFC7}.Debug|x64.ActiveCfg = Debug|x64
		{BA405D2F-A6F3-4764-A2E1-7292E3F2EFC7}.Debug|x64.Build.0 = Debug|x64
		{BA405D2F-A6F3-4764-A2E1-7292E3F2EFC7}.Debug|x86.ActiveCfg = Debug|Win32
		{BA405D2F-A6F3-4764-A2E1-7292E3F2EFC7}.Debug|x86.Build.0 = Debug|Win32
		{BA405D2F-A6F3-4764-A2E1-7292E3F2EFC7}.Release|x64.ActiveCfg = Release|x64
		{BA405D2F-A6F3-4764-A2E1-7292E3F2EFC7}.Release|x64.Build.0 = Release|x64
		{BA405D2F-A6F3-4764-A2E1-7292E3F2EFC7}.Release|x86.ActiveCfg = Release|Win32
		{BA405D2F-A6F3-4764-A2E1-7292E3F2EFC7}.Release|x86.Build.0 = Release|Win32
		{E5C2ED62-9C4D-4EA0-A940-05BC49859FB2}.Debug|x64.ActiveCfg = Debug|x64
		{E5C2ED62-9C4D-4EA0-A940-05BC49859FB2}.Debug|x64.Build.0 = Debug|x64
		{E5C2ED62-9C4D-4EA0-A940-05BC49859FB2}.Debug|x86.ActiveCfg = Debug|Win32
		{E5C2ED62-9C4D-4EA0-A940-05BC49859FB2}.Debug|x86.Build.0 = Debug|Win32
		{E5C2ED62-9C4D-4EA0-A940-05BC49859FB2}.Release|x64.ActiveCfg = Release|x64
		{E5C2ED62-9C4D-4EA0-A940-05BC49859FB2}.Release|x64.Build.0 = Release|x64
		{E5C2ED62-9C4D-4EA0-A940-05BC49859FB2}.Release|x86.ActiveCfg = Release|Win32
		{E5C2ED62-9C4D-4EA0-A940-05BC49859FB2}.Release|x86.Build.0 = Release|Win32
		{39205EEC-C119-4036-ABB0-D849825CAC82}.Debug|x64.ActiveCfg = Debug|x64
		{39205EEC-C119-4036-ABB0-D849825CAC82}.Debug|x64.Build.0 = Debug|x64
		{39205EEC-C119-4036-ABB0-D849825CAC82}.Debug|x86.ActiveCfg = Debug|Win32
		{39205EEC-C119-4036-ABB0-D849825CAC82}.Debug|x86.Build.0 = Debug|Win32
		{39205EEC-C119-4036-ABB0-D849825CAC82}.Release|x64.ActiveCfg = Release|x64
		{39205EEC-C119-4036-ABB0-D849825CAC82}.Release|x64.Build.0 = Release|x64
		{39205EEC-C119-4036-ABB0-D849825CAC82}.Release|x86.ActiveCfg = Release|Win32
		{39205EEC-C119-4036-ABB0-D849825CAC82}.Release|x86.Build.0 = Release|Win32
	EndGlobalSection
	GlobalSection(SolutionProperties) = preSolution
		HideSolutionNode = FALSE
	EndGlobalSection
EndGlobal
